
Microsoft Visual Studio Solution File, Format Version 12.00
# Visual Studio Version 17
VisualStudioVersion = 17.13.35818.85 d17.13
MinimumVisualStudioVersion = 10.0.40219.1
Project("{FAE04EC0-301F-11D3-BF4B-00C04F79EFBC}") = "Tienda", "Tienda\Tienda.csproj", "{C5F5A843-A8D0-4CEC-B8A0-39ADEB1DB428}"
EndProject
Global
	GlobalSection(SolutionConfigurationPlatforms) = preSolution
		Debug|Any CPU = Debug|Any CPU
		Release|Any CPU = Release|Any CPU
	EndGlobalSection
	GlobalSection(ProjectConfigurationPlatforms) = postSolution
		{C5F5A843-A8D0-4CEC-B8A0-39ADEB1DB428}.Debug|Any CPU.ActiveCfg = Debug|Any CPU
		{C5F5A843-A8D0-4CEC-B8A0-39ADEB1DB428}.Debug|Any CPU.Build.0 = Debug|Any CPU
		{C5F5A843-A8D0-4CEC-B8A0-39ADEB1DB428}.Release|Any CPU.ActiveCfg = Release|Any CPU
		{C5F5A843-A8D0-4CEC-B8A0-39ADEB1DB428}.Release|Any CPU.Build.0 = Release|Any CPU
	EndGlobalSection
	GlobalSection(SolutionProperties) = preSolution
		HideSolutionNode = FALSE
	EndGlobalSection
	GlobalSection(ExtensibilityGlobals) = postSolution
		SolutionGuid = {DEBBDD3D-8920-41C9-8886-88C38D2FFF41}
	EndGlobalSection
EndGlobal
